
Microsoft Visual Studio Solution File, Format Version 12.00
# Visual Studio Version 16
VisualStudioVersion = 16.0.30621.155
MinimumVisualStudioVersion = 10.0.40219.1
Project("{FAE04EC0-301F-11D3-BF4B-00C04F79EFBC}") = "IASHandyMan", "IASHandyMan\IASHandyMan.csproj", "{6A9B4838-C9EE-41D6-ADD4-460507D9B5C2}"
EndProject
Global
	GlobalSection(SolutionConfigurationPlatforms) = preSolution
		Debug|Any CPU = Debug|Any CPU
		Release|Any CPU = Release|Any CPU
	EndGlobalSection
	GlobalSection(ProjectConfigurationPlatforms) = postSolution
		{6A9B4838-C9EE-41D6-ADD4-460507D9B5C2}.Debug|Any CPU.ActiveCfg = Debug|Any CPU
		{6A9B4838-C9EE-41D6-ADD4-460507D9B5C2}.Debug|Any CPU.Build.0 = Debug|Any CPU
		{6A9B4838-C9EE-41D6-ADD4-460507D9B5C2}.Release|Any CPU.ActiveCfg = Release|Any CPU
		{6A9B4838-C9EE-41D6-ADD4-460507D9B5C2}.Release|Any CPU.Build.0 = Release|Any CPU
	EndGlobalSection
	GlobalSection(SolutionProperties) = preSolution
		HideSolutionNode = FALSE
	EndGlobalSection
	GlobalSection(ExtensibilityGlobals) = postSolution
		SolutionGuid = {0C94852A-981E-4974-AB24-D39D79F6A130}
	EndGlobalSection
EndGlobal
